uuid: 94a86a5a-b135-44ca-af01-9d91a95a0980
langcode: en
status: true
dependencies:
  module:
    - entity_reference_revisions
    - node
    - paragraphs
id: node.field_text_block
field_name: field_text_block
entity_type: node
type: entity_reference_revisions
settings:
  target_type: paragraph
module: entity_reference_revisions
locked: false
cardinality: -1
translatable: true
indexes: {  }
persist_with_no_fields: false
custom_storage: false
