uuid: dac2156c-5b3b-496d-81ee-f203923cc458
langcode: en
status: true
dependencies:
  config:
    - field.storage.node.field_spec_page_content_block
    - node.type.specialty_page
    - paragraphs.paragraphs_type.gc_accordion_block
    - paragraphs.paragraphs_type.gc_large_img_block
    - paragraphs.paragraphs_type.gc_link_abstract_list_block
    - paragraphs.paragraphs_type.gc_link_list_block
    - paragraphs.paragraphs_type.gc_quote_block
    - paragraphs.paragraphs_type.gc_text_block
    - paragraphs.paragraphs_type.gc_text_img_block
    - paragraphs.paragraphs_type.gc_three_image_block
    - paragraphs.paragraphs_type.gc_two_image_block
    - paragraphs.paragraphs_type.sc_basic_cards_block
    - paragraphs.paragraphs_type.sc_basic_cards_image_block
    - paragraphs.paragraphs_type.sc_mosaic_image
    - paragraphs.paragraphs_type.sc_news_basic_card_block
    - paragraphs.paragraphs_type.sc_news_lead_card_block
  module:
    - entity_reference_revisions
id: node.specialty_page.field_spec_page_content_block
field_name: field_spec_page_content_block
entity_type: node
bundle: specialty_page
label: specialty_page_content_blo
description: ''
required: false
translatable: false
default_value: {  }
default_value_callback: ''
settings:
  handler: 'default:paragraph'
  handler_settings:
    negate: 0
    target_bundles:
      gc_accordion_block: gc_accordion_block
      gc_large_img_block: gc_large_img_block
      gc_link_abstract_list_block: gc_link_abstract_list_block
      gc_link_list_block: gc_link_list_block
      gc_quote_block: gc_quote_block
      gc_text_block: gc_text_block
      gc_text_img_block: gc_text_img_block
      gc_three_image_block: gc_three_image_block
      gc_two_image_block: gc_two_image_block
      sc_basic_cards_block: sc_basic_cards_block
      sc_basic_cards_image_block: sc_basic_cards_image_block
      sc_mosaic_image: sc_mosaic_image
      sc_news_basic_card_block: sc_news_basic_card_block
      sc_news_lead_card_block: sc_news_lead_card_block
    target_bundles_drag_drop:
      accordion_group:
        weight: -49
        enabled: false
      basic_card_w_image:
        weight: -48
        enabled: false
      content_sections:
        weight: -46
        enabled: false
      from_library:
        weight: -47
        enabled: false
      gc_accordion_block:
        enabled: true
        weight: -45
      gc_large_img_block:
        enabled: true
        weight: -44
      gc_link_abstract_list_block:
        enabled: true
        weight: -43
      gc_link_list_block:
        enabled: true
        weight: -42
      gc_quote_block:
        enabled: true
        weight: -41
      gc_text_block:
        enabled: true
        weight: -40
      gc_text_img_block:
        enabled: true
        weight: -39
      gc_three_image_block:
        enabled: true
        weight: -38
      gc_two_image_block:
        enabled: true
        weight: -37
      link_abstract_link_list:
        weight: -36
        enabled: false
      link_list_link:
        weight: -35
        enabled: false
      mosiac_image:
        weight: -32
        enabled: false
      news_card_basic:
        weight: -34
        enabled: false
      news_card_lead:
        weight: -33
        enabled: false
      sc_basic_card:
        weight: -31
        enabled: false
      sc_basic_cards_block:
        enabled: true
        weight: -30
      sc_basic_cards_image_block:
        enabled: true
        weight: -29
      sc_mosaic_image:
        enabled: true
        weight: -28
      sc_news_basic_card_block:
        enabled: true
        weight: -27
      sc_news_lead_card_block:
        enabled: true
        weight: -26
field_type: entity_reference_revisions
